// !$*UTF8*$!
{
	archiveVersion = 1;
	classes = {
	};
	objectVersion = 46;
	objects = {

/* Begin PBXBuildFile section */
		967381A91A02C56C00D1C608 /* BNDBindingTest.m in Sources */ = {isa = PBXBuildFile; fileRef = 967381A81A02C56C00D1C608 /* BNDBindingTest.m */; };
		967381AC1A02C61800D1C608 /* BNDTestObjects.m in Sources */ = {isa = PBXBuildFile; fileRef = 967381AB1A02C61800D1C608 /* BNDTestObjects.m */; };
		9680C90F19FEBBB500DFE38A /* BIND.h in CopyFiles */ = {isa = PBXBuildFile; fileRef = 9680C90E19FEBBB500DFE38A /* BIND.h */; };
		9680C91719FEBBB500DFE38A /* libBIND.a in Frameworks */ = {isa = PBXBuildFile; fileRef = 9680C90B19FEBBB500DFE38A /* libBIND.a */; };
		9680C92B19FEBC2800DFE38A /* BNDBinding.m in Sources */ = {isa = PBXBuildFile; fileRef = 9680C92919FEBC2800DFE38A /* BNDBinding.m */; };
		9680C92D19FEBC7000DFE38A /* BNDBinding.h in CopyFiles */ = {isa = PBXBuildFile; fileRef = 9680C92819FEBC2800DFE38A /* BNDBinding.h */; };
		9680C93D19FEC9F500DFE38A /* BNDTableViewCell.m in Sources */ = {isa = PBXBuildFile; fileRef = 9680C93C19FEC9F500DFE38A /* BNDTableViewCell.m */; };
		9680C93E19FECAB700DFE38A /* BNDTableViewCell.h in CopyFiles */ = {isa = PBXBuildFile; fileRef = 9680C93B19FEC9F500DFE38A /* BNDTableViewCell.h */; };
		9680C93F19FECABA00DFE38A /* BNDView.h in CopyFiles */ = {isa = PBXBuildFile; fileRef = 9680C93919FEC8B000DFE38A /* BNDView.h */; };
		9680C94019FECABD00DFE38A /* BNDViewModel.h in CopyFiles */ = {isa = PBXBuildFile; fileRef = 9680C93819FEC88500DFE38A /* BNDViewModel.h */; };
/* End PBXBuildFile section */

/* Begin PBXContainerItemProxy section */
		9680C91819FEBBB500DFE38A /* PBXContainerItemProxy */ = {
			isa = PBXContainerItemProxy;
			containerPortal = 9680C90319FEBBB500DFE38A /* Project object */;
			proxyType = 1;
			remoteGlobalIDString = 9680C90A19FEBBB500DFE38A;
			remoteInfo = BIND;
		};
/* End PBXContainerItemProxy section */

/* Begin PBXCopyFilesBuildPhase section */
		9680C90919FEBBB500DFE38A /* CopyFiles */ = {
			isa = PBXCopyFilesBuildPhase;
			buildActionMask = 2147483647;
			dstPath = include;
			dstSubfolderSpec = 16;
			files = (
				9680C90F19FEBBB500DFE38A /* BIND.h in CopyFiles */,
				9680C92D19FEBC7000DFE38A /* BNDBinding.h in CopyFiles */,
				9680C93E19FECAB700DFE38A /* BNDTableViewCell.h in CopyFiles */,
				9680C93F19FECABA00DFE38A /* BNDView.h in CopyFiles */,
				9680C94019FECABD00DFE38A /* BNDViewModel.h in CopyFiles */,
			);
			runOnlyForDeploymentPostprocessing = 0;
		};
/* End PBXCopyFilesBuildPhase section */

/* Begin PBXFileReference section */
		967381A81A02C56C00D1C608 /* BNDBindingTest.m */ = {isa = PBXFileReference; fileEncoding = 4; lastKnownFileType = sourcecode.c.objc; path = BNDBindingTest.m; sourceTree = "<group>"; };
		967381AA1A02C61800D1C608 /* BNDTestObjects.h */ = {isa = PBXFileReference; fileEncoding = 4; lastKnownFileType = sourcecode.c.h; path = BNDTestObjects.h; sourceTree = "<group>"; };
		967381AB1A02C61800D1C608 /* BNDTestObjects.m */ = {isa = PBXFileReference; fileEncoding = 4; lastKnownFileType = sourcecode.c.objc; path = BNDTestObjects.m; sourceTree = "<group>"; };
		9680C90B19FEBBB500DFE38A /* libBIND.a */ = {isa = PBXFileReference; explicitFileType = archive.ar; includeInIndex = 0; path = libBIND.a; sourceTree = BUILT_PRODUCTS_DIR; };
		9680C90E19FEBBB500DFE38A /* BIND.h */ = {isa = PBXFileReference; lastKnownFileType = sourcecode.c.h; path = BIND.h; sourceTree = "<group>"; };
		9680C91619FEBBB500DFE38A /* BINDTests.xctest */ = {isa = PBXFileReference; explicitFileType = wrapper.cfbundle; includeInIndex = 0; path = BINDTests.xctest; sourceTree = BUILT_PRODUCTS_DIR; };
		9680C91C19FEBBB500DFE38A /* Info.plist */ = {isa = PBXFileReference; lastKnownFileType = text.plist.xml; path = Info.plist; sourceTree = "<group>"; };
		9680C92819FEBC2800DFE38A /* BNDBinding.h */ = {isa = PBXFileReference; fileEncoding = 4; lastKnownFileType = sourcecode.c.h; path = BNDBinding.h; sourceTree = "<group>"; };
		9680C92919FEBC2800DFE38A /* BNDBinding.m */ = {isa = PBXFileReference; fileEncoding = 4; lastKnownFileType = sourcecode.c.objc; path = BNDBinding.m; sourceTree = "<group>"; };
		9680C93819FEC88500DFE38A /* BNDViewModel.h */ = {isa = PBXFileReference; lastKnownFileType = sourcecode.c.h; name = BNDViewModel.h; path = Protocols/BNDViewModel.h; sourceTree = "<group>"; };
		9680C93919FEC8B000DFE38A /* BNDView.h */ = {isa = PBXFileReference; lastKnownFileType = sourcecode.c.h; name = BNDView.h; path = Protocols/BNDView.h; sourceTree = "<group>"; };
		9680C93B19FEC9F500DFE38A /* BNDTableViewCell.h */ = {isa = PBXFileReference; fileEncoding = 4; lastKnownFileType = sourcecode.c.h; name = BNDTableViewCell.h; path = Abstractions/BNDTableViewCell.h; sourceTree = "<group>"; };
		9680C93C19FEC9F500DFE38A /* BNDTableViewCell.m */ = {isa = PBXFileReference; fileEncoding = 4; lastKnownFileType = sourcecode.c.objc; name = BNDTableViewCell.m; path = Abstractions/BNDTableViewCell.m; sourceTree = "<group>"; };
/* End PBXFileReference section */

/* Begin PBXFrameworksBuildPhase section */
		9680C90819FEBBB500DFE38A /* Frameworks */ = {
			isa = PBXFrameworksBuildPhase;
			buildActionMask = 2147483647;
			files = (
			);
			runOnlyForDeploymentPostprocessing = 0;
		};
		9680C91319FEBBB500DFE38A /* Frameworks */ = {
			isa = PBXFrameworksBuildPhase;
			buildActionMask = 2147483647;
			files = (
				9680C91719FEBBB500DFE38A /* libBIND.a in Frameworks */,
			);
			runOnlyForDeploymentPostprocessing = 0;
		};
/* End PBXFrameworksBuildPhase section */

/* Begin PBXGroup section */
		9680C90219FEBBB500DFE38A = {
			isa = PBXGroup;
			children = (
				9680C90D19FEBBB500DFE38A /* BIND */,
				9680C91A19FEBBB500DFE38A /* BINDTests */,
				9680C90C19FEBBB500DFE38A /* Products */,
			);
			sourceTree = "<group>";
		};
		9680C90C19FEBBB500DFE38A /* Products */ = {
			isa = PBXGroup;
			children = (
				9680C90B19FEBBB500DFE38A /* libBIND.a */,
				9680C91619FEBBB500DFE38A /* BINDTests.xctest */,
			);
			name = Products;
			sourceTree = "<group>";
		};
		9680C90D19FEBBB500DFE38A /* BIND */ = {
			isa = PBXGroup;
			children = (
				9680C93A19FEC9C500DFE38A /* Abstractions */,
				9680C93719FEC85500DFE38A /* Protocols */,
				9680C92519FEBC2800DFE38A /* Classes */,
				9680C90E19FEBBB500DFE38A /* BIND.h */,
			);
			path = BIND;
			sourceTree = "<group>";
		};
		9680C91A19FEBBB500DFE38A /* BINDTests */ = {
			isa = PBXGroup;
			children = (
				9680C91B19FEBBB500DFE38A /* Supporting Files */,
				967381AA1A02C61800D1C608 /* BNDTestObjects.h */,
				967381AB1A02C61800D1C608 /* BNDTestObjects.m */,
				967381A81A02C56C00D1C608 /* BNDBindingTest.m */,
			);
			path = BINDTests;
			sourceTree = "<group>";
		};
		9680C91B19FEBBB500DFE38A /* Supporting Files */ = {
			isa = PBXGroup;
			children = (
				9680C91C19FEBBB500DFE38A /* Info.plist */,
			);
			name = "Supporting Files";
			sourceTree = "<group>";
		};
		9680C92519FEBC2800DFE38A /* Classes */ = {
			isa = PBXGroup;
			children = (
				9680C92819FEBC2800DFE38A /* BNDBinding.h */,
				9680C92919FEBC2800DFE38A /* BNDBinding.m */,
			);
			path = Classes;
			sourceTree = "<group>";
		};
		9680C93719FEC85500DFE38A /* Protocols */ = {
			isa = PBXGroup;
			children = (
				9680C93919FEC8B000DFE38A /* BNDView.h */,
				9680C93819FEC88500DFE38A /* BNDViewModel.h */,
			);
			name = Protocols;
			sourceTree = "<group>";
		};
		9680C93A19FEC9C500DFE38A /* Abstractions */ = {
			isa = PBXGroup;
			children = (
				9680C93B19FEC9F500DFE38A /* BNDTableViewCell.h */,
				9680C93C19FEC9F500DFE38A /* BNDTableViewCell.m */,
			);
			name = Abstractions;
			sourceTree = "<group>";
		};
/* End PBXGroup section */

/* Begin PBXNativeTarget section */
		9680C90A19FEBBB500DFE38A /* BIND */ = {
			isa = PBXNativeTarget;
			buildConfigurationList = 9680C91F19FEBBB500DFE38A /* Build configuration list for PBXNativeTarget "BIND" */;
			buildPhases = (
				9680C90719FEBBB500DFE38A /* Sources */,
				9680C90819FEBBB500DFE38A /* Frameworks */,
				9680C90919FEBBB500DFE38A /* CopyFiles */,
				967381AD1A04E19300D1C608 /* Create Universal Library */,
			);
			buildRules = (
			);
			dependencies = (
			);
			name = BIND;
			productName = BIND;
			productReference = 9680C90B19FEBBB500DFE38A /* libBIND.a */;
			productType = "com.apple.product-type.library.static";
		};
		9680C91519FEBBB500DFE38A /* BINDTests */ = {
			isa = PBXNativeTarget;
			buildConfigurationList = 9680C92219FEBBB500DFE38A /* Build configuration list for PBXNativeTarget "BINDTests" */;
			buildPhases = (
				9680C91219FEBBB500DFE38A /* Sources */,
				9680C91319FEBBB500DFE38A /* Frameworks */,
				9680C91419FEBBB500DFE38A /* Resources */,
			);
			buildRules = (
			);
			dependencies = (
				9680C91919FEBBB500DFE38A /* PBXTargetDependency */,
			);
			name = BINDTests;
			productName = BINDTests;
			productReference = 9680C91619FEBBB500DFE38A /* BINDTests.xctest */;
			productType = "com.apple.product-type.bundle.unit-test";
		};
/* End PBXNativeTarget section */

/* Begin PBXProject section */
		9680C90319FEBBB500DFE38A /* Project object */ = {
			isa = PBXProject;
			attributes = {
				LastUpgradeCheck = 0610;
				ORGANIZATIONNAME = "Marko Hlebar";
				TargetAttributes = {
					9680C90A19FEBBB500DFE38A = {
						CreatedOnToolsVersion = 6.1;
					};
					9680C91519FEBBB500DFE38A = {
						CreatedOnToolsVersion = 6.1;
					};
				};
			};
			buildConfigurationList = 9680C90619FEBBB500DFE38A /* Build configuration list for PBXProject "BIND" */;
			compatibilityVersion = "Xcode 3.2";
			developmentRegion = English;
			hasScannedForEncodings = 0;
			knownRegions = (
				en,
			);
			mainGroup = 9680C90219FEBBB500DFE38A;
			productRefGroup = 9680C90C19FEBBB500DFE38A /* Products */;
			projectDirPath = "";
			projectRoot = "";
			targets = (
				9680C90A19FEBBB500DFE38A /* BIND */,
				9680C91519FEBBB500DFE38A /* BINDTests */,
			);
		};
/* End PBXProject section */

/* Begin PBXResourcesBuildPhase section */
		9680C91419FEBBB500DFE38A /* Resources */ = {
			isa = PBXResourcesBuildPhase;
			buildActionMask = 2147483647;
			files = (
			);
			runOnlyForDeploymentPostprocessing = 0;
		};
/* End PBXResourcesBuildPhase section */

/* Begin PBXShellScriptBuildPhase section */
		967381AD1A04E19300D1C608 /* Create Universal Library */ = {
			isa = PBXShellScriptBuildPhase;
			buildActionMask = 2147483647;
			files = (
			);
			inputPaths = (
			);
			name = "Create Universal Library";
			outputPaths = (
			);
			runOnlyForDeploymentPostprocessing = 0;
			shellPath = /bin/sh;
			shellScript = "##########################################\n#\n# c.f. http://stackoverflow.com/questions/3520977/build-fat-static-library-device-simulator-using-xcode-and-sdk-4\n#\n# Version 2.7\n#\n# Latest Change:\n# - Supports iPhone 5 / iPod Touch 5 (uses Apple's workaround to lipo bug)\n#\n# Purpose:\n#   Automatically create a Universal static library for iPhone + iPad + iPhone Simulator from within XCode\n#\n# Author: Adam Martin - http://twitter.com/t_machine_org\n# Based on: original script from Eonil (main changes: Eonil's script WILL NOT WORK in Xcode GUI - it WILL CRASH YOUR COMPUTER)\n#\n\nset -e\nset -o pipefail\n\n#################[ Tests: helps workaround any future bugs in Xcode ]########\n#\nDEBUG_THIS_SCRIPT=\"false\"\n\nif [ $DEBUG_THIS_SCRIPT = \"true\" ]\nthen\necho \"########### TESTS #############\"\necho \"Use the following variables when debugging this script; note that they may change on recursions\"\necho \"BUILD_DIR = $BUILD_DIR\"\necho \"BUILD_ROOT = $BUILD_ROOT\"\necho \"CONFIGURATION_BUILD_DIR = $CONFIGURATION_BUILD_DIR\"\necho \"BUILT_PRODUCTS_DIR = $BUILT_PRODUCTS_DIR\"\necho \"CONFIGURATION_TEMP_DIR = $CONFIGURATION_TEMP_DIR\"\necho \"TARGET_BUILD_DIR = $TARGET_BUILD_DIR\"\nfi\n\n#####################[ part 1 ]##################\n# First, work out the BASESDK version number (NB: Apple ought to report this, but they hide it)\n#    (incidental: searching for substrings in sh is a nightmare! Sob)\n\nSDK_VERSION=$(echo ${SDK_NAME} | grep -o '.\\{3\\}$')\n\n# Next, work out if we're in SIM or DEVICE\n\nif [ ${PLATFORM_NAME} = \"iphonesimulator\" ]\nthen\nOTHER_SDK_TO_BUILD=iphoneos${SDK_VERSION}\nelse\nOTHER_SDK_TO_BUILD=iphonesimulator${SDK_VERSION}\nfi\n\necho \"XCode has selected SDK: ${PLATFORM_NAME} with version: ${SDK_VERSION} (although back-targetting: ${IPHONEOS_DEPLOYMENT_TARGET})\"\necho \"...therefore, OTHER_SDK_TO_BUILD = ${OTHER_SDK_TO_BUILD}\"\n#\n#####################[ end of part 1 ]##################\n\n#####################[ part 2 ]##################\n#\n# IF this is the original invocation, invoke WHATEVER other builds are required\n#\n# Xcode is already building ONE target...\n#\n# ...but this is a LIBRARY, so Apple is wrong to set it to build just one.\n# ...we need to build ALL targets\n# ...we MUST NOT re-build the target that is ALREADY being built: Xcode WILL CRASH YOUR COMPUTER if you try this (infinite recursion!)\n#\n#\n# So: build ONLY the missing platforms/configurations.\n\nif [ \"true\" == ${ALREADYINVOKED:-false} ]\nthen\necho \"RECURSION: I am NOT the root invocation, so I'm NOT going to recurse\"\nelse\n# CRITICAL:\n# Prevent infinite recursion (Xcode sucks)\nexport ALREADYINVOKED=\"true\"\n\necho \"RECURSION: I am the root ... recursing all missing build targets NOW...\"\necho \"RECURSION: ...about to invoke: xcodebuild -configuration \\\"${CONFIGURATION}\\\" -project \\\"${PROJECT_NAME}.xcodeproj\\\" -target \\\"${TARGET_NAME}\\\" -sdk \\\"${OTHER_SDK_TO_BUILD}\\\" ${ACTION} RUN_CLANG_STATIC_ANALYZER=NO\" BUILD_DIR=\\\"${BUILD_DIR}\\\" BUILD_ROOT=\\\"${BUILD_ROOT}\\\" SYMROOT=\\\"${SYMROOT}\\\"\n\nxcodebuild -configuration \"${CONFIGURATION}\" -project \"${PROJECT_NAME}.xcodeproj\" -target \"${TARGET_NAME}\" -sdk \"${OTHER_SDK_TO_BUILD}\" ${ACTION} RUN_CLANG_STATIC_ANALYZER=NO BUILD_DIR=\"${BUILD_DIR}\" BUILD_ROOT=\"${BUILD_ROOT}\" SYMROOT=\"${SYMROOT}\"\n\nACTION=\"build\"\n\n#Merge all platform binaries as a fat binary for each configurations.\n\n# Calculate where the (multiple) built files are coming from:\nCURRENTCONFIG_DEVICE_DIR=${SYMROOT}/${CONFIGURATION}-iphoneos\nCURRENTCONFIG_SIMULATOR_DIR=${SYMROOT}/${CONFIGURATION}-iphonesimulator\n\necho \"Taking device build from: ${CURRENTCONFIG_DEVICE_DIR}\"\necho \"Taking simulator build from: ${CURRENTCONFIG_SIMULATOR_DIR}\"\n\nCREATING_UNIVERSAL_DIR=${SYMROOT}/${CONFIGURATION}-universal\necho \"...I will output a universal build to: ${CREATING_UNIVERSAL_DIR}\"\n\n# ... remove the products of previous runs of this script\n#      NB: this directory is ONLY created by this script - it should be safe to delete!\n\nrm -rf \"${CREATING_UNIVERSAL_DIR}\"\nmkdir \"${CREATING_UNIVERSAL_DIR}\"\n\n#\necho \"lipo: for current configuration (${CONFIGURATION}) creating output file: ${CREATING_UNIVERSAL_DIR}/${EXECUTABLE_NAME}\"\nxcrun -sdk iphoneos lipo -create -output \"${CREATING_UNIVERSAL_DIR}/${EXECUTABLE_NAME}\" \"${CURRENTCONFIG_DEVICE_DIR}/${EXECUTABLE_NAME}\" \"${CURRENTCONFIG_SIMULATOR_DIR}/${EXECUTABLE_NAME}\"\n\n#########\n#\n# Added: StackOverflow suggestion to also copy \"include\" files\n#    (untested, but should work OK)\n#\necho \"Fetching headers from ${PUBLIC_HEADERS_FOLDER_PATH}\"\necho \"  (if you embed your library project in another project, you will need to add\"\necho \"   a \"User Search Headers\" build setting of: (NB INCLUDE THE DOUBLE QUOTES BELOW!)\"\necho '        \"$(TARGET_BUILD_DIR)/usr/local/include/\"'\nif [ -d \"${CURRENTCONFIG_DEVICE_DIR}${PUBLIC_HEADERS_FOLDER_PATH}\" ]\nthen\nmkdir -p \"${CREATING_UNIVERSAL_DIR}${PUBLIC_HEADERS_FOLDER_PATH}\"\n# * needs to be outside the double quotes?\ncp -r \"${CURRENTCONFIG_DEVICE_DIR}${PUBLIC_HEADERS_FOLDER_PATH}\"* \"${CREATING_UNIVERSAL_DIR}${PUBLIC_HEADERS_FOLDER_PATH}\"\nfi\nfi";
		};
/* End PBXShellScriptBuildPhase section */

/* Begin PBXSourcesBuildPhase section */
		9680C90719FEBBB500DFE38A /* Sources */ = {
			isa = PBXSourcesBuildPhase;
			buildActionMask = 2147483647;
			files = (
				9680C92B19FEBC2800DFE38A /* BNDBinding.m in Sources */,
				9680C93D19FEC9F500DFE38A /* BNDTableViewCell.m in Sources */,
			);
			runOnlyForDeploymentPostprocessing = 0;
		};
		9680C91219FEBBB500DFE38A /* Sources */ = {
			isa = PBXSourcesBuildPhase;
			buildActionMask = 2147483647;
			files = (
				967381A91A02C56C00D1C608 /* BNDBindingTest.m in Sources */,
				967381AC1A02C61800D1C608 /* BNDTestObjects.m in Sources */,
			);
			runOnlyForDeploymentPostprocessing = 0;
		};
/* End PBXSourcesBuildPhase section */

/* Begin PBXTargetDependency section */
		9680C91919FEBBB500DFE38A /* PBXTargetDependency */ = {
			isa = PBXTargetDependency;
			target = 9680C90A19FEBBB500DFE38A /* BIND */;
			targetProxy = 9680C91819FEBBB500DFE38A /* PBXContainerItemProxy */;
		};
/* End PBXTargetDependency section */

/* Begin XCBuildConfiguration section */
		9680C91D19FEBBB500DFE38A /* Debug */ = {
			isa = XCBuildConfiguration;
			buildSettings = {
				ALWAYS_SEARCH_USER_PATHS = NO;
				CLANG_CXX_LANGUAGE_STANDARD = "gnu++0x";
				CLANG_CXX_LIBRARY = "libc++";
				CLANG_ENABLE_MODULES = YES;
				CLANG_ENABLE_OBJC_ARC = YES;
				CLANG_WARN_BOOL_CONVERSION = YES;
				CLANG_WARN_CONSTANT_CONVERSION = YES;
				CLANG_WARN_DIRECT_OBJC_ISA_USAGE = YES_ERROR;
				CLANG_WARN_EMPTY_BODY = YES;
				CLANG_WARN_ENUM_CONVERSION = YES;
				CLANG_WARN_INT_CONVERSION = YES;
				CLANG_WARN_OBJC_ROOT_CLASS = YES_ERROR;
				CLANG_WARN_UNREACHABLE_CODE = YES;
				CLANG_WARN__DUPLICATE_METHOD_MATCH = YES;
				COPY_PHASE_STRIP = NO;
				ENABLE_STRICT_OBJC_MSGSEND = YES;
				GCC_C_LANGUAGE_STANDARD = gnu99;
				GCC_DYNAMIC_NO_PIC = NO;
				GCC_OPTIMIZATION_LEVEL = 0;
				GCC_PREPROCESSOR_DEFINITIONS = (
					"DEBUG=1",
					"$(inherited)",
				);
				GCC_SYMBOLS_PRIVATE_EXTERN = NO;
				GCC_WARN_64_TO_32_BIT_CONVERSION = YES;
				GCC_WARN_ABOUT_RETURN_TYPE = YES_ERROR;
				GCC_WARN_UNDECLARED_SELECTOR = YES;
				GCC_WARN_UNINITIALIZED_AUTOS = YES_AGGRESSIVE;
				GCC_WARN_UNUSED_FUNCTION = YES;
				GCC_WARN_UNUSED_VARIABLE = YES;
				IPHONEOS_DEPLOYMENT_TARGET = 8.1;
				MTL_ENABLE_DEBUG_INFO = YES;
				ONLY_ACTIVE_ARCH = YES;
				SDKROOT = iphoneos;
			};
			name = Debug;
		};
		9680C91E19FEBBB500DFE38A /* Release */ = {
			isa = XCBuildConfiguration;
			buildSettings = {
				ALWAYS_SEARCH_USER_PATHS = NO;
				CLANG_CXX_LANGUAGE_STANDARD = "gnu++0x";
				CLANG_CXX_LIBRARY = "libc++";
				CLANG_ENABLE_MODULES = YES;
				CLANG_ENABLE_OBJC_ARC = YES;
				CLANG_WARN_BOOL_CONVERSION = YES;
				CLANG_WARN_CONSTANT_CONVERSION = YES;
				CLANG_WARN_DIRECT_OBJC_ISA_USAGE = YES_ERROR;
				CLANG_WARN_EMPTY_BODY = YES;
				CLANG_WARN_ENUM_CONVERSION = YES;
				CLANG_WARN_INT_CONVERSION = YES;
				CLANG_WARN_OBJC_ROOT_CLASS = YES_ERROR;
				CLANG_WARN_UNREACHABLE_CODE = YES;
				CLANG_WARN__DUPLICATE_METHOD_MATCH = YES;
				COPY_PHASE_STRIP = YES;
				ENABLE_NS_ASSERTIONS = NO;
				ENABLE_STRICT_OBJC_MSGSEND = YES;
				GCC_C_LANGUAGE_STANDARD = gnu99;
				GCC_WARN_64_TO_32_BIT_CONVERSION = YES;
				GCC_WARN_ABOUT_RETURN_TYPE = YES_ERROR;
				GCC_WARN_UNDECLARED_SELECTOR = YES;
				GCC_WARN_UNINITIALIZED_AUTOS = YES_AGGRESSIVE;
				GCC_WARN_UNUSED_FUNCTION = YES;
				GCC_WARN_UNUSED_VARIABLE = YES;
				IPHONEOS_DEPLOYMENT_TARGET = 8.1;
				MTL_ENABLE_DEBUG_INFO = NO;
				SDKROOT = iphoneos;
				VALIDATE_PRODUCT = YES;
			};
			name = Release;
		};
		9680C92019FEBBB500DFE38A /* Debug */ = {
			isa = XCBuildConfiguration;
			buildSettings = {
				CODE_SIGN_IDENTITY = "";
				IPHONEOS_DEPLOYMENT_TARGET = 7.0;
				OTHER_LDFLAGS = "-ObjC";
				PRODUCT_NAME = "$(TARGET_NAME)";
				SKIP_INSTALL = YES;
			};
			name = Debug;
		};
		9680C92119FEBBB500DFE38A /* Release */ = {
			isa = XCBuildConfiguration;
			buildSettings = {
				CODE_SIGN_IDENTITY = "";
				IPHONEOS_DEPLOYMENT_TARGET = 7.0;
				OTHER_LDFLAGS = "-ObjC";
				PRODUCT_NAME = "$(TARGET_NAME)";
				SKIP_INSTALL = YES;
			};
			name = Release;
		};
		9680C92319FEBBB500DFE38A /* Debug */ = {
			isa = XCBuildConfiguration;
			buildSettings = {
				FRAMEWORK_SEARCH_PATHS = (
					"$(SDKROOT)/Developer/Library/Frameworks",
					"$(inherited)",
				);
				GCC_PREPROCESSOR_DEFINITIONS = (
					"DEBUG=1",
					"$(inherited)",
				);
				INFOPLIST_FILE = BINDTests/Info.plist;
				IPHONEOS_DEPLOYMENT_TARGET = 7.0;
				LD_RUNPATH_SEARCH_PATHS = "$(inherited) @executable_path/Frameworks @loader_path/Frameworks";
				PRODUCT_NAME = "$(TARGET_NAME)";
				PROVISIONING_PROFILE = "f3a5c06c-60f6-495e-8e80-2e06e37a0d1b";
			};
			name = Debug;
		};
		9680C92419FEBBB500DFE38A /* Release */ = {
			isa = XCBuildConfiguration;
			buildSettings = {
				FRAMEWORK_SEARCH_PATHS = (
					"$(SDKROOT)/Developer/Library/Frameworks",
					"$(inherited)",
				);
				INFOPLIST_FILE = BINDTests/Info.plist;
				IPHONEOS_DEPLOYMENT_TARGET = 7.0;
				LD_RUNPATH_SEARCH_PATHS = "$(inherited) @executable_path/Frameworks @loader_path/Frameworks";
				PRODUCT_NAME = "$(TARGET_NAME)";
				PROVISIONING_PROFILE = "f3a5c06c-60f6-495e-8e80-2e06e37a0d1b";
			};
			name = Release;
		};
/* End XCBuildConfiguration section */

/* Begin XCConfigurationList section */
		9680C90619FEBBB500DFE38A /* Build configuration list for PBXProject "BIND" */ = {
			isa = XCConfigurationList;
			buildConfigurations = (
				9680C91D19FEBBB500DFE38A /* Debug */,
				9680C91E19FEBBB500DFE38A /* Release */,
			);
			defaultConfigurationIsVisible = 0;
			defaultConfigurationName = Release;
		};
		9680C91F19FEBBB500DFE38A /* Build configuration list for PBXNativeTarget "BIND" */ = {
			isa = XCConfigurationList;
			buildConfigurations = (
				9680C92019FEBBB500DFE38A /* Debug */,
				9680C92119FEBBB500DFE38A /* Release */,
			);
			defaultConfigurationIsVisible = 0;
			defaultConfigurationName = Release;
		};
		9680C92219FEBBB500DFE38A /* Build configuration list for PBXNativeTarget "BINDTests" */ = {
			isa = XCConfigurationList;
			buildConfigurations = (
				9680C92319FEBBB500DFE38A /* Debug */,
				9680C92419FEBBB500DFE38A /* Release */,
			);
			defaultConfigurationIsVisible = 0;
			defaultConfigurationName = Release;
		};
/* End XCConfigurationList section */
	};
	rootObject = 9680C90319FEBBB500DFE38A /* Project object */;
}
